
Microsoft Visual Studio Solution File, Format Version 12.00
# Visual Studio Version 16
VisualStudioVersion = 16.0.29905.134
MinimumVisualStudioVersion = 10.0.40219.1
Project("{FAE04EC0-301F-11D3-BF4B-00C04F79EFBC}") = "Calculator", "Calculator\Calculator.csproj", "{5DD3D963-87F3-414A-9B29-25D96868941D}"
EndProject
Global
	GlobalSection(SolutionConfigurationPlatforms) = preSolution
		Debug|Any CPU = Debug|Any CPU
		Release|Any CPU = Release|Any CPU
	EndGlobalSection
	GlobalSection(ProjectConfigurationPlatforms) = postSolution
		{5DD3D963-87F3-414A-9B29-25D96868941D}.Debug|Any CPU.ActiveCfg = Debug|Any CPU
		{5DD3D963-87F3-414A-9B29-25D96868941D}.Debug|Any CPU.Build.0 = Debug|Any CPU
		{5DD3D963-87F3-414A-9B29-25D96868941D}.Release|Any CPU.ActiveCfg = Release|Any CPU
		{5DD3D963-87F3-414A-9B29-25D96868941D}.Release|Any CPU.Build.0 = Release|Any CPU
	EndGlobalSection
	GlobalSection(SolutionProperties) = preSolution
		HideSolutionNode = FALSE
	EndGlobalSection
	GlobalSection(ExtensibilityGlobals) = postSolution
		SolutionGuid = {0AA7E8CB-F1CA-460B-A2B2-4BD2E7A050C4}
	EndGlobalSection
EndGlobal
