
Microsoft Visual Studio Solution File, Format Version 12.00
# Visual Studio Version 16
VisualStudioVersion = 16.0.29905.134
MinimumVisualStudioVersion = 10.0.40219.1
Project("{FAE04EC0-301F-11D3-BF4B-00C04F79EFBC}") = "Week 8", "Week 8\Week 8.csproj", "{F8E4FD38-DC9B-49FA-9BBB-01965F767365}"
EndProject
Global
	GlobalSection(SolutionConfigurationPlatforms) = preSolution
		Debug|Any CPU = Debug|Any CPU
		Release|Any CPU = Release|Any CPU
	EndGlobalSection
	GlobalSection(ProjectConfigurationPlatforms) = postSolution
		{F8E4FD38-DC9B-49FA-9BBB-01965F767365}.Debug|Any CPU.ActiveCfg = Debug|Any CPU
		{F8E4FD38-DC9B-49FA-9BBB-01965F767365}.Debug|Any CPU.Build.0 = Debug|Any CPU
		{F8E4FD38-DC9B-49FA-9BBB-01965F767365}.Release|Any CPU.ActiveCfg = Release|Any CPU
		{F8E4FD38-DC9B-49FA-9BBB-01965F767365}.Release|Any CPU.Build.0 = Release|Any CPU
	EndGlobalSection
	GlobalSection(SolutionProperties) = preSolution
		HideSolutionNode = FALSE
	EndGlobalSection
	GlobalSection(ExtensibilityGlobals) = postSolution
		SolutionGuid = {D7EF8E97-1248-40FC-8E71-0DAB766D1ADF}
	EndGlobalSection
EndGlobal
