
Microsoft Visual Studio Solution File, Format Version 12.00
# Visual Studio Version 16
VisualStudioVersion = 16.0.29905.134
MinimumVisualStudioVersion = 10.0.40219.1
Project("{FAE04EC0-301F-11D3-BF4B-00C04F79EFBC}") = "Week5", "Week5\Week5.csproj", "{DB256B1A-D5F6-4BA0-88ED-360584E7111A}"
EndProject
Global
	GlobalSection(SolutionConfigurationPlatforms) = preSolution
		Debug|Any CPU = Debug|Any CPU
		Release|Any CPU = Release|Any CPU
	EndGlobalSection
	GlobalSection(ProjectConfigurationPlatforms) = postSolution
		{DB256B1A-D5F6-4BA0-88ED-360584E7111A}.Debug|Any CPU.ActiveCfg = Debug|Any CPU
		{DB256B1A-D5F6-4BA0-88ED-360584E7111A}.Debug|Any CPU.Build.0 = Debug|Any CPU
		{DB256B1A-D5F6-4BA0-88ED-360584E7111A}.Release|Any CPU.ActiveCfg = Release|Any CPU
		{DB256B1A-D5F6-4BA0-88ED-360584E7111A}.Release|Any CPU.Build.0 = Release|Any CPU
	EndGlobalSection
	GlobalSection(SolutionProperties) = preSolution
		HideSolutionNode = FALSE
	EndGlobalSection
	GlobalSection(ExtensibilityGlobals) = postSolution
		SolutionGuid = {0254FF82-93F0-45A0-BC62-5A290542FD39}
	EndGlobalSection
EndGlobal
